// !$*UTF8*$!
{
	archiveVersion = 1;
	classes = {
	};
	objectVersion = 55;
	objects = {

/* Begin PBXBuildFile section */
		BE1B0C78292F6FF400669F1D /* CookBookApp.swift in Sources */ = {isa = PBXBuildFile; fileRef = BE1B0C77292F6FF400669F1D /* CookBookApp.swift */; };
		BE1B0C7A292F6FF400669F1D /* ContentView.swift in Sources */ = {isa = PBXBuildFile; fileRef = BE1B0C79292F6FF400669F1D /* ContentView.swift */; };
		BE1B0C7C292F6FF400669F1D /* Assets.xcassets in Resources */ = {isa = PBXBuildFile; fileRef = BE1B0C7B292F6FF400669F1D /* Assets.xcassets */; };
		BE1B0C7F292F6FF400669F1D /* Preview Assets.xcassets in Resources */ = {isa = PBXBuildFile; fileRef = BE1B0C7E292F6FF400669F1D /* Preview Assets.xcassets */; };
		BE662CF529CD9D2500B750CB /* StarRating.swift in Sources */ = {isa = PBXBuildFile; fileRef = BE662CF429CD9D2500B750CB /* StarRating.swift */; };
		BE68605D2AA6829600341574 /* TabBar.swift in Sources */ = {isa = PBXBuildFile; fileRef = BE68605C2AA6829600341574 /* TabBar.swift */; };
		BE6860612AA6833800341574 /* CatalogListView.swift in Sources */ = {isa = PBXBuildFile; fileRef = BE6860602AA6833800341574 /* CatalogListView.swift */; };
		BE6860652AA6835F00341574 /* SettingsView.swift in Sources */ = {isa = PBXBuildFile; fileRef = BE6860642AA6835F00341574 /* SettingsView.swift */; };
		BE68606A2AA6867D00341574 /* Recipe.swift in Sources */ = {isa = PBXBuildFile; fileRef = BE6860692AA6867D00341574 /* Recipe.swift */; };
		BE68606C2AA68B0A00341574 /* CatalogDetailView.swift in Sources */ = {isa = PBXBuildFile; fileRef = BE68606B2AA68B0A00341574 /* CatalogDetailView.swift */; };
		BE7841CA2AA7CE58009A2A86 /* CatalogListViewModel.swift in Sources */ = {isa = PBXBuildFile; fileRef = BE7841C92AA7CE58009A2A86 /* CatalogListViewModel.swift */; };
		BE8313402AA70C21004832B3 /* FavoriteButton.swift in Sources */ = {isa = PBXBuildFile; fileRef = BE83133F2AA70C21004832B3 /* FavoriteButton.swift */; };
		BE8313422AA70F7A004832B3 /* CatalogViewModel.swift in Sources */ = {isa = PBXBuildFile; fileRef = BE8313412AA70F7A004832B3 /* CatalogViewModel.swift */; };
		BE83134C2AA71A0E004832B3 /* CookBookView.swift in Sources */ = {isa = PBXBuildFile; fileRef = BE8313472AA71A0E004832B3 /* CookBookView.swift */; };
		BE83134D2AA71A0E004832B3 /* CookBookCoreData.xcdatamodeld in Sources */ = {isa = PBXBuildFile; fileRef = BE8313482AA71A0E004832B3 /* CookBookCoreData.xcdatamodeld */; };
		BE8313502AA71A9F004832B3 /* CookBookViewModel.swift in Sources */ = {isa = PBXBuildFile; fileRef = BE83134F2AA71A9F004832B3 /* CookBookViewModel.swift */; };
		BE8313522AA71ADB004832B3 /* CoreDataManager.swift in Sources */ = {isa = PBXBuildFile; fileRef = BE8313512AA71ADB004832B3 /* CoreDataManager.swift */; };
		BE8313552AA71DFA004832B3 /* MyRecipesView.swift in Sources */ = {isa = PBXBuildFile; fileRef = BE8313542AA71DFA004832B3 /* MyRecipesView.swift */; };
		BE8313572AA71E24004832B3 /* SavedRecipesView.swift in Sources */ = {isa = PBXBuildFile; fileRef = BE8313562AA71E24004832B3 /* SavedRecipesView.swift */; };
		BE83135D2AA73E43004832B3 /* RowView.swift in Sources */ = {isa = PBXBuildFile; fileRef = BE83135C2AA73E43004832B3 /* RowView.swift */; };
		BE83135F2AA74175004832B3 /* AllRecipesView.swift in Sources */ = {isa = PBXBuildFile; fileRef = BE83135E2AA74175004832B3 /* AllRecipesView.swift */; };
		BE9BAAA62AA7539E0003E24D /* APIService.swift in Sources */ = {isa = PBXBuildFile; fileRef = BE9BAAA52AA7539E0003E24D /* APIService.swift */; };
		BE9BAAA92AA7A56A0003E24D /* SDWebImageSwiftUI in Frameworks */ = {isa = PBXBuildFile; productRef = BE9BAAA82AA7A56A0003E24D /* SDWebImageSwiftUI */; };
		BEFAA84F29804A6500A83E99 /* HelpCentre.swift in Sources */ = {isa = PBXBuildFile; fileRef = BEFAA84129804A6500A83E99 /* HelpCentre.swift */; };
/* End PBXBuildFile section */

/* Begin PBXFileReference section */
		BE1B0C74292F6FF400669F1D /* CookBook.app */ = {isa = PBXFileReference; explicitFileType = wrapper.application; includeInIndex = 0; path = CookBook.app; sourceTree = BUILT_PRODUCTS_DIR; };
		BE1B0C77292F6FF400669F1D /* CookBookApp.swift */ = {isa = PBXFileReference; lastKnownFileType = sourcecode.swift; path = CookBookApp.swift; sourceTree = "<group>"; };
		BE1B0C79292F6FF400669F1D /* ContentView.swift */ = {isa = PBXFileReference; lastKnownFileType = sourcecode.swift; path = ContentView.swift; sourceTree = "<group>"; };
		BE1B0C7B292F6FF400669F1D /* Assets.xcassets */ = {isa = PBXFileReference; lastKnownFileType = folder.assetcatalog; path = Assets.xcassets; sourceTree = "<group>"; };
		BE1B0C7E292F6FF400669F1D /* Preview Assets.xcassets */ = {isa = PBXFileReference; lastKnownFileType = folder.assetcatalog; path = "Preview Assets.xcassets"; sourceTree = "<group>"; };
		BE662CF429CD9D2500B750CB /* StarRating.swift */ = {isa = PBXFileReference; lastKnownFileType = sourcecode.swift; path = StarRating.swift; sourceTree = "<group>"; };
		BE68605C2AA6829600341574 /* TabBar.swift */ = {isa = PBXFileReference; lastKnownFileType = sourcecode.swift; path = TabBar.swift; sourceTree = "<group>"; };
		BE6860602AA6833800341574 /* CatalogListView.swift */ = {isa = PBXFileReference; lastKnownFileType = sourcecode.swift; path = CatalogListView.swift; sourceTree = "<group>"; };
		BE6860642AA6835F00341574 /* SettingsView.swift */ = {isa = PBXFileReference; lastKnownFileType = sourcecode.swift; path = SettingsView.swift; sourceTree = "<group>"; };
		BE6860692AA6867D00341574 /* Recipe.swift */ = {isa = PBXFileReference; lastKnownFileType = sourcecode.swift; path = Recipe.swift; sourceTree = "<group>"; };
		BE68606B2AA68B0A00341574 /* CatalogDetailView.swift */ = {isa = PBXFileReference; lastKnownFileType = sourcecode.swift; path = CatalogDetailView.swift; sourceTree = "<group>"; };
		BE7841C92AA7CE58009A2A86 /* CatalogListViewModel.swift */ = {isa = PBXFileReference; lastKnownFileType = sourcecode.swift; path = CatalogListViewModel.swift; sourceTree = "<group>"; };
		BE83133F2AA70C21004832B3 /* FavoriteButton.swift */ = {isa = PBXFileReference; lastKnownFileType = sourcecode.swift; path = FavoriteButton.swift; sourceTree = "<group>"; };
		BE8313412AA70F7A004832B3 /* CatalogViewModel.swift */ = {isa = PBXFileReference; lastKnownFileType = sourcecode.swift; path = CatalogViewModel.swift; sourceTree = "<group>"; };
		BE8313472AA71A0E004832B3 /* CookBookView.swift */ = {isa = PBXFileReference; fileEncoding = 4; lastKnownFileType = sourcecode.swift; path = CookBookView.swift; sourceTree = "<group>"; };
		BE8313492AA71A0E004832B3 /* CookBookCoreData.xcdatamodel */ = {isa = PBXFileReference; lastKnownFileType = wrapper.xcdatamodel; path = CookBookCoreData.xcdatamodel; sourceTree = "<group>"; };
		BE83134F2AA71A9F004832B3 /* CookBookViewModel.swift */ = {isa = PBXFileReference; lastKnownFileType = sourcecode.swift; path = CookBookViewModel.swift; sourceTree = "<group>"; };
		BE8313512AA71ADB004832B3 /* CoreDataManager.swift */ = {isa = PBXFileReference; lastKnownFileType = sourcecode.swift; path = CoreDataManager.swift; sourceTree = "<group>"; };
		BE8313542AA71DFA004832B3 /* MyRecipesView.swift */ = {isa = PBXFileReference; lastKnownFileType = sourcecode.swift; path = MyRecipesView.swift; sourceTree = "<group>"; };
		BE8313562AA71E24004832B3 /* SavedRecipesView.swift */ = {isa = PBXFileReference; lastKnownFileType = sourcecode.swift; path = SavedRecipesView.swift; sourceTree = "<group>"; };
		BE83135C2AA73E43004832B3 /* RowView.swift */ = {isa = PBXFileReference; lastKnownFileType = sourcecode.swift; path = RowView.swift; sourceTree = "<group>"; };
		BE83135E2AA74175004832B3 /* AllRecipesView.swift */ = {isa = PBXFileReference; lastKnownFileType = sourcecode.swift; path = AllRecipesView.swift; sourceTree = "<group>"; };
		BE9BAAA52AA7539E0003E24D /* APIService.swift */ = {isa = PBXFileReference; lastKnownFileType = sourcecode.swift; path = APIService.swift; sourceTree = "<group>"; };
		BEFAA84129804A6500A83E99 /* HelpCentre.swift */ = {isa = PBXFileReference; fileEncoding = 4; lastKnownFileType = sourcecode.swift; path = HelpCentre.swift; sourceTree = "<group>"; };
/* End PBXFileReference section */

/* Begin PBXFrameworksBuildPhase section */
		BE1B0C71292F6FF400669F1D /* Frameworks */ = {
			isa = PBXFrameworksBuildPhase;
			buildActionMask = 2147483647;
			files = (
				BE9BAAA92AA7A56A0003E24D /* SDWebImageSwiftUI in Frameworks */,
			);
			runOnlyForDeploymentPostprocessing = 0;
		};
/* End PBXFrameworksBuildPhase section */

/* Begin PBXGroup section */
		BE1B0C6B292F6FF300669F1D = {
			isa = PBXGroup;
			children = (
				BE1B0C76292F6FF400669F1D /* CookBook */,
				BE1B0C75292F6FF400669F1D /* Products */,
			);
			sourceTree = "<group>";
		};
		BE1B0C75292F6FF400669F1D /* Products */ = {
			isa = PBXGroup;
			children = (
				BE1B0C74292F6FF400669F1D /* CookBook.app */,
			);
			name = Products;
			sourceTree = "<group>";
		};
		BE1B0C76292F6FF400669F1D /* CookBook */ = {
			isa = PBXGroup;
			children = (
				BE1B0C77292F6FF400669F1D /* CookBookApp.swift */,
				BE1B0C79292F6FF400669F1D /* ContentView.swift */,
				BEFAA84D29804A6500A83E99 /* Model */,
				BEFAA83A29804A6500A83E99 /* View */,
				BE8313452AA71A0E004832B3 /* CoreData */,
				BE9BAAA42AA753110003E24D /* Service */,
				BE1B0C7B292F6FF400669F1D /* Assets.xcassets */,
				BE1B0C7D292F6FF400669F1D /* Preview Content */,
			);
			path = CookBook;
			sourceTree = "<group>";
		};
		BE1B0C7D292F6FF400669F1D /* Preview Content */ = {
			isa = PBXGroup;
			children = (
				BE1B0C7E292F6FF400669F1D /* Preview Assets.xcassets */,
			);
			path = "Preview Content";
			sourceTree = "<group>";
		};
		BE6860662AA6836D00341574 /* Catalog */ = {
			isa = PBXGroup;
			children = (
				BE8313432AA70F9A004832B3 /* ViewModel */,
				BE8313442AA71225004832B3 /* View */,
			);
			path = Catalog;
			sourceTree = "<group>";
		};
		BE83133E2AA70BCB004832B3 /* ViewHelper */ = {
			isa = PBXGroup;
			children = (
				BE662CF429CD9D2500B750CB /* StarRating.swift */,
				BE83133F2AA70C21004832B3 /* FavoriteButton.swift */,
				BE83135C2AA73E43004832B3 /* RowView.swift */,
			);
			path = ViewHelper;
			sourceTree = "<group>";
		};
		BE8313432AA70F9A004832B3 /* ViewModel */ = {
			isa = PBXGroup;
			children = (
				BE8313412AA70F7A004832B3 /* CatalogViewModel.swift */,
				BE7841C92AA7CE58009A2A86 /* CatalogListViewModel.swift */,
			);
			path = ViewModel;
			sourceTree = "<group>";
		};
		BE8313442AA71225004832B3 /* View */ = {
			isa = PBXGroup;
			children = (
				BE6860602AA6833800341574 /* CatalogListView.swift */,
				BE68606B2AA68B0A00341574 /* CatalogDetailView.swift */,
			);
			path = View;
			sourceTree = "<group>";
		};
		BE8313452AA71A0E004832B3 /* CoreData */ = {
			isa = PBXGroup;
			children = (
				BE83134F2AA71A9F004832B3 /* CookBookViewModel.swift */,
				BE8313512AA71ADB004832B3 /* CoreDataManager.swift */,
				BE8313482AA71A0E004832B3 /* CookBookCoreData.xcdatamodeld */,
			);
			path = CoreData;
			sourceTree = "<group>";
		};
		BE8313532AA71D91004832B3 /* CookBook */ = {
			isa = PBXGroup;
			children = (
				BE8313472AA71A0E004832B3 /* CookBookView.swift */,
				BE83135B2AA73CC9004832B3 /* AllRecipes */,
			);
			path = CookBook;
			sourceTree = "<group>";
		};
		BE83135B2AA73CC9004832B3 /* AllRecipes */ = {
			isa = PBXGroup;
			children = (
				BE8313562AA71E24004832B3 /* SavedRecipesView.swift */,
				BE8313542AA71DFA004832B3 /* MyRecipesView.swift */,
				BE83135E2AA74175004832B3 /* AllRecipesView.swift */,
			);
			path = AllRecipes;
			sourceTree = "<group>";
		};
		BE9BAAA42AA753110003E24D /* Service */ = {
			isa = PBXGroup;
			children = (
				BE9BAAA52AA7539E0003E24D /* APIService.swift */,
			);
			path = Service;
			sourceTree = "<group>";
		};
		BEFAA83A29804A6500A83E99 /* View */ = {
			isa = PBXGroup;
			children = (
				BEFAA83B29804A6500A83E99 /* TabBar */,
			);
			path = View;
			sourceTree = "<group>";
		};
		BEFAA83B29804A6500A83E99 /* TabBar */ = {
			isa = PBXGroup;
			children = (
				BE83133E2AA70BCB004832B3 /* ViewHelper */,
				BE68605C2AA6829600341574 /* TabBar.swift */,
				BE6860662AA6836D00341574 /* Catalog */,
				BE8313532AA71D91004832B3 /* CookBook */,
				BEFAA83C29804A6500A83E99 /* Settings */,
			);
			path = TabBar;
			sourceTree = "<group>";
		};
		BEFAA83C29804A6500A83E99 /* Settings */ = {
			isa = PBXGroup;
			children = (
				BE6860642AA6835F00341574 /* SettingsView.swift */,
				BEFAA83D29804A6500A83E99 /* Notification */,
				BEFAA83E29804A6500A83E99 /* FAQ */,
				BEFAA83F29804A6500A83E99 /* Language */,
				BEFAA84029804A6500A83E99 /* Get Help */,
				BEFAA84229804A6500A83E99 /* Account Setup */,
			);
			path = Settings;
			sourceTree = "<group>";
		};
		BEFAA83D29804A6500A83E99 /* Notification */ = {
			isa = PBXGroup;
			children = (
			);
			path = Notification;
			sourceTree = "<group>";
		};
		BEFAA83E29804A6500A83E99 /* FAQ */ = {
			isa = PBXGroup;
			children = (
			);
			path = FAQ;
			sourceTree = "<group>";
		};
		BEFAA83F29804A6500A83E99 /* Language */ = {
			isa = PBXGroup;
			children = (
			);
			path = Language;
			sourceTree = "<group>";
		};
		BEFAA84029804A6500A83E99 /* Get Help */ = {
			isa = PBXGroup;
			children = (
				BEFAA84129804A6500A83E99 /* HelpCentre.swift */,
			);
			path = "Get Help";
			sourceTree = "<group>";
		};
		BEFAA84229804A6500A83E99 /* Account Setup */ = {
			isa = PBXGroup;
			children = (
			);
			path = "Account Setup";
			sourceTree = "<group>";
		};
		BEFAA84D29804A6500A83E99 /* Model */ = {
			isa = PBXGroup;
			children = (
				BE6860692AA6867D00341574 /* Recipe.swift */,
			);
			path = Model;
			sourceTree = "<group>";
		};
/* End PBXGroup section */

/* Begin PBXNativeTarget section */
		BE1B0C73292F6FF400669F1D /* CookBook */ = {
			isa = PBXNativeTarget;
			buildConfigurationList = BE1B0C82292F6FF400669F1D /* Build configuration list for PBXNativeTarget "CookBook" */;
			buildPhases = (
				BE1B0C70292F6FF400669F1D /* Sources */,
				BE1B0C71292F6FF400669F1D /* Frameworks */,
				BE1B0C72292F6FF400669F1D /* Resources */,
			);
			buildRules = (
			);
			dependencies = (
			);
			name = CookBook;
			packageProductDependencies = (
				BE9BAAA82AA7A56A0003E24D /* SDWebImageSwiftUI */,
			);
			productName = CookBook;
			productReference = BE1B0C74292F6FF400669F1D /* CookBook.app */;
			productType = "com.apple.product-type.application";
		};
/* End PBXNativeTarget section */

/* Begin PBXProject section */
		BE1B0C6C292F6FF300669F1D /* Project object */ = {
			isa = PBXProject;
			attributes = {
				BuildIndependentTargetsInParallel = 1;
				LastSwiftUpdateCheck = 1310;
				LastUpgradeCheck = 1310;
				TargetAttributes = {
					BE1B0C73292F6FF400669F1D = {
						CreatedOnToolsVersion = 13.1;
					};
				};
			};
			buildConfigurationList = BE1B0C6F292F6FF300669F1D /* Build configuration list for PBXProject "CookBook" */;
			compatibilityVersion = "Xcode 13.0";
			developmentRegion = en;
			hasScannedForEncodings = 0;
			knownRegions = (
				en,
				Base,
			);
			mainGroup = BE1B0C6B292F6FF300669F1D;
			packageReferences = (
				BE9BAAA72AA7A56A0003E24D /* XCRemoteSwiftPackageReference "SDWebImageSwiftUI" */,
			);
			productRefGroup = BE1B0C75292F6FF400669F1D /* Products */;
			projectDirPath = "";
			projectRoot = "";
			targets = (
				BE1B0C73292F6FF400669F1D /* CookBook */,
			);
		};
/* End PBXProject section */

/* Begin PBXResourcesBuildPhase section */
		BE1B0C72292F6FF400669F1D /* Resources */ = {
			isa = PBXResourcesBuildPhase;
			buildActionMask = 2147483647;
			files = (
				BE1B0C7F292F6FF400669F1D /* Preview Assets.xcassets in Resources */,
				BE1B0C7C292F6FF400669F1D /* Assets.xcassets in Resources */,
			);
			runOnlyForDeploymentPostprocessing = 0;
		};
/* End PBXResourcesBuildPhase section */

/* Begin PBXSourcesBuildPhase section */
		BE1B0C70292F6FF400669F1D /* Sources */ = {
			isa = PBXSourcesBuildPhase;
			buildActionMask = 2147483647;
			files = (
				BE83134C2AA71A0E004832B3 /* CookBookView.swift in Sources */,
				BE9BAAA62AA7539E0003E24D /* APIService.swift in Sources */,
				BE7841CA2AA7CE58009A2A86 /* CatalogListViewModel.swift in Sources */,
				BE1B0C7A292F6FF400669F1D /* ContentView.swift in Sources */,
				BE8313402AA70C21004832B3 /* FavoriteButton.swift in Sources */,
				BE83135D2AA73E43004832B3 /* RowView.swift in Sources */,
				BE662CF529CD9D2500B750CB /* StarRating.swift in Sources */,
				BE83135F2AA74175004832B3 /* AllRecipesView.swift in Sources */,
				BE6860612AA6833800341574 /* CatalogListView.swift in Sources */,
				BE8313572AA71E24004832B3 /* SavedRecipesView.swift in Sources */,
				BEFAA84F29804A6500A83E99 /* HelpCentre.swift in Sources */,
				BE1B0C78292F6FF400669F1D /* CookBookApp.swift in Sources */,
				BE83134D2AA71A0E004832B3 /* CookBookCoreData.xcdatamodeld in Sources */,
				BE8313502AA71A9F004832B3 /* CookBookViewModel.swift in Sources */,
				BE6860652AA6835F00341574 /* SettingsView.swift in Sources */,
				BE68605D2AA6829600341574 /* TabBar.swift in Sources */,
				BE8313552AA71DFA004832B3 /* MyRecipesView.swift in Sources */,
				BE68606C2AA68B0A00341574 /* CatalogDetailView.swift in Sources */,
				BE8313522AA71ADB004832B3 /* CoreDataManager.swift in Sources */,
				BE68606A2AA6867D00341574 /* Recipe.swift in Sources */,
				BE8313422AA70F7A004832B3 /* CatalogViewModel.swift in Sources */,
			);
			runOnlyForDeploymentPostprocessing = 0;
		};
/* End PBXSourcesBuildPhase section */

/* Begin XCBuildConfiguration section */
		BE1B0C80292F6FF400669F1D /* Debug */ = {
			isa = XCBuildConfiguration;
			buildSettings = {
				ALWAYS_SEARCH_USER_PATHS = NO;
				CLANG_ANALYZER_NONNULL = YES;
				CLANG_ANALYZER_NUMBER_OBJECT_CONVERSION = YES_AGGRESSIVE;
				CLANG_CXX_LANGUAGE_STANDARD = "gnu++17";
				CLANG_CXX_LIBRARY = "libc++";
				CLANG_ENABLE_MODULES = YES;
				CLANG_ENABLE_OBJC_ARC = YES;
				CLANG_ENABLE_OBJC_WEAK = YES;
				CLANG_WARN_BLOCK_CAPTURE_AUTORELEASING = YES;
				CLANG_WARN_BOOL_CONVERSION = YES;
				CLANG_WARN_COMMA = YES;
				CLANG_WARN_CONSTANT_CONVERSION = YES;
				CLANG_WARN_DEPRECATED_OBJC_IMPLEMENTATIONS = YES;
				CLANG_WARN_DIRECT_OBJC_ISA_USAGE = YES_ERROR;
				CLANG_WARN_DOCUMENTATION_COMMENTS = YES;
				CLANG_WARN_EMPTY_BODY = YES;
				CLANG_WARN_ENUM_CONVERSION = YES;
				CLANG_WARN_INFINITE_RECURSION = YES;
				CLANG_WARN_INT_CONVERSION = YES;
				CLANG_WARN_NON_LITERAL_NULL_CONVERSION = YES;
				CLANG_WARN_OBJC_IMPLICIT_RETAIN_SELF = YES;
				CLANG_WARN_OBJC_LITERAL_CONVERSION = YES;
				CLANG_WARN_OBJC_ROOT_CLASS = YES_ERROR;
				CLANG_WARN_QUOTED_INCLUDE_IN_FRAMEWORK_HEADER = YES;
				CLANG_WARN_RANGE_LOOP_ANALYSIS = YES;
				CLANG_WARN_STRICT_PROTOTYPES = YES;
				CLANG_WARN_SUSPICIOUS_MOVE = YES;
				CLANG_WARN_UNGUARDED_AVAILABILITY = YES_AGGRESSIVE;
				CLANG_WARN_UNREACHABLE_CODE = YES;
				CLANG_WARN__DUPLICATE_METHOD_MATCH = YES;
				COPY_PHASE_STRIP = NO;
				DEBUG_INFORMATION_FORMAT = dwarf;
				ENABLE_STRICT_OBJC_MSGSEND = YES;
				ENABLE_TESTABILITY = YES;
				GCC_C_LANGUAGE_STANDARD = gnu11;
				GCC_DYNAMIC_NO_PIC = NO;
				GCC_NO_COMMON_BLOCKS = YES;
				GCC_OPTIMIZATION_LEVEL = 0;
				GCC_PREPROCESSOR_DEFINITIONS = (
					"DEBUG=1",
					"$(inherited)",
				);
				GCC_WARN_64_TO_32_BIT_CONVERSION = YES;
				GCC_WARN_ABOUT_RETURN_TYPE = YES_ERROR;
				GCC_WARN_UNDECLARED_SELECTOR = YES;
				GCC_WARN_UNINITIALIZED_AUTOS = YES_AGGRESSIVE;
				GCC_WARN_UNUSED_FUNCTION = YES;
				GCC_WARN_UNUSED_VARIABLE = YES;
				IPHONEOS_DEPLOYMENT_TARGET = 15.0;
				MTL_ENABLE_DEBUG_INFO = INCLUDE_SOURCE;
				MTL_FAST_MATH = YES;
				ONLY_ACTIVE_ARCH = YES;
				SDKROOT = iphoneos;
				SWIFT_ACTIVE_COMPILATION_CONDITIONS = DEBUG;
				SWIFT_OPTIMIZATION_LEVEL = "-Onone";
			};
			name = Debug;
		};
		BE1B0C81292F6FF400669F1D /* Release */ = {
			isa = XCBuildConfiguration;
			buildSettings = {
				ALWAYS_SEARCH_USER_PATHS = NO;
				CLANG_ANALYZER_NONNULL = YES;
				CLANG_ANALYZER_NUMBER_OBJECT_CONVERSION = YES_AGGRESSIVE;
				CLANG_CXX_LANGUAGE_STANDARD = "gnu++17";
				CLANG_CXX_LIBRARY = "libc++";
				CLANG_ENABLE_MODULES = YES;
				CLANG_ENABLE_OBJC_ARC = YES;
				CLANG_ENABLE_OBJC_WEAK = YES;
				CLANG_WARN_BLOCK_CAPTURE_AUTORELEASING = YES;
				CLANG_WARN_BOOL_CONVERSION = YES;
				CLANG_WARN_COMMA = YES;
				CLANG_WARN_CONSTANT_CONVERSION = YES;
				CLANG_WARN_DEPRECATED_OBJC_IMPLEMENTATIONS = YES;
				CLANG_WARN_DIRECT_OBJC_ISA_USAGE = YES_ERROR;
				CLANG_WARN_DOCUMENTATION_COMMENTS = YES;
				CLANG_WARN_EMPTY_BODY = YES;
				CLANG_WARN_ENUM_CONVERSION = YES;
				CLANG_WARN_INFINITE_RECURSION = YES;
				CLANG_WARN_INT_CONVERSION = YES;
				CLANG_WARN_NON_LITERAL_NULL_CONVERSION = YES;
				CLANG_WARN_OBJC_IMPLICIT_RETAIN_SELF = YES;
				CLANG_WARN_OBJC_LITERAL_CONVERSION = YES;
				CLANG_WARN_OBJC_ROOT_CLASS = YES_ERROR;
				CLANG_WARN_QUOTED_INCLUDE_IN_FRAMEWORK_HEADER = YES;
				CLANG_WARN_RANGE_LOOP_ANALYSIS = YES;
				CLANG_WARN_STRICT_PROTOTYPES = YES;
				CLANG_WARN_SUSPICIOUS_MOVE = YES;
				CLANG_WARN_UNGUARDED_AVAILABILITY = YES_AGGRESSIVE;
				CLANG_WARN_UNREACHABLE_CODE = YES;
				CLANG_WARN__DUPLICATE_METHOD_MATCH = YES;
				COPY_PHASE_STRIP = NO;
				DEBUG_INFORMATION_FORMAT = "dwarf-with-dsym";
				ENABLE_NS_ASSERTIONS = NO;
				ENABLE_STRICT_OBJC_MSGSEND = YES;
				GCC_C_LANGUAGE_STANDARD = gnu11;
				GCC_NO_COMMON_BLOCKS = YES;
				GCC_WARN_64_TO_32_BIT_CONVERSION = YES;
				GCC_WARN_ABOUT_RETURN_TYPE = YES_ERROR;
				GCC_WARN_UNDECLARED_SELECTOR = YES;
				GCC_WARN_UNINITIALIZED_AUTOS = YES_AGGRESSIVE;
				GCC_WARN_UNUSED_FUNCTION = YES;
				GCC_WARN_UNUSED_VARIABLE = YES;
				IPHONEOS_DEPLOYMENT_TARGET = 15.0;
				MTL_ENABLE_DEBUG_INFO = NO;
				MTL_FAST_MATH = YES;
				SDKROOT = iphoneos;
				SWIFT_COMPILATION_MODE = wholemodule;
				SWIFT_OPTIMIZATION_LEVEL = "-O";
				VALIDATE_PRODUCT = YES;
			};
			name = Release;
		};
		BE1B0C83292F6FF400669F1D /* Debug */ = {
			isa = XCBuildConfiguration;
			buildSettings = {
				ASSETCATALOG_COMPILER_APPICON_NAME = AppIcon;
				ASSETCATALOG_COMPILER_GLOBAL_ACCENT_COLOR_NAME = AccentColor;
				CODE_SIGN_STYLE = Automatic;
				CURRENT_PROJECT_VERSION = 1;
				DEVELOPMENT_ASSET_PATHS = "\"CookBook/Preview Content\"";
				DEVELOPMENT_TEAM = BFFG86939C;
				ENABLE_PREVIEWS = YES;
				GENERATE_INFOPLIST_FILE = YES;
				INFOPLIST_KEY_UIApplicationSceneManifest_Generation = YES;
				INFOPLIST_KEY_UIApplicationSupportsIndirectInputEvents = YES;
				INFOPLIST_KEY_UILaunchScreen_Generation = YES;
				INFOPLIST_KEY_UISupportedInterfaceOrientations_iPad = "UIInterfaceOrientationPortrait UIInterfaceOrientationPortraitUpsideDown UIInterfaceOrientationLandscapeLeft UIInterfaceOrientationLandscapeRight";
				INFOPLIST_KEY_UISupportedInterfaceOrientations_iPhone = "UIInterfaceOrientationPortrait UIInterfaceOrientationLandscapeLeft UIInterfaceOrientationLandscapeRight";
				IPHONEOS_DEPLOYMENT_TARGET = 16.0;
				LD_RUNPATH_SEARCH_PATHS = (
					"$(inherited)",
					"@executable_path/Frameworks",
				);
				MARKETING_VERSION = 1.0;
				PRODUCT_BUNDLE_IDENTIFIER = com.TaKas.CookBook;
				PRODUCT_NAME = "$(TARGET_NAME)";
				SWIFT_EMIT_LOC_STRINGS = YES;
				SWIFT_VERSION = 5.0;
				TARGETED_DEVICE_FAMILY = "1,2";
			};
			name = Debug;
		};
		BE1B0C84292F6FF400669F1D /* Release */ = {
			isa = XCBuildConfiguration;
			buildSettings = {
				ASSETCATALOG_COMPILER_APPICON_NAME = AppIcon;
				ASSETCATALOG_COMPILER_GLOBAL_ACCENT_COLOR_NAME = AccentColor;
				CODE_SIGN_STYLE = Automatic;
				CURRENT_PROJECT_VERSION = 1;
				DEVELOPMENT_ASSET_PATHS = "\"CookBook/Preview Content\"";
				DEVELOPMENT_TEAM = BFFG86939C;
				ENABLE_PREVIEWS = YES;
				GENERATE_INFOPLIST_FILE = YES;
				INFOPLIST_KEY_UIApplicationSceneManifest_Generation = YES;
				INFOPLIST_KEY_UIApplicationSupportsIndirectInputEvents = YES;
				INFOPLIST_KEY_UILaunchScreen_Generation = YES;
				INFOPLIST_KEY_UISupportedInterfaceOrientations_iPad = "UIInterfaceOrientationPortrait UIInterfaceOrientationPortraitUpsideDown UIInterfaceOrientationLandscapeLeft UIInterfaceOrientationLandscapeRight";
				INFOPLIST_KEY_UISupportedInterfaceOrientations_iPhone = "UIInterfaceOrientationPortrait UIInterfaceOrientationLandscapeLeft UIInterfaceOrientationLandscapeRight";
				IPHONEOS_DEPLOYMENT_TARGET = 16.0;
				LD_RUNPATH_SEARCH_PATHS = (
					"$(inherited)",
					"@executable_path/Frameworks",
				);
				MARKETING_VERSION = 1.0;
				PRODUCT_BUNDLE_IDENTIFIER = com.TaKas.CookBook;
				PRODUCT_NAME = "$(TARGET_NAME)";
				SWIFT_EMIT_LOC_STRINGS = YES;
				SWIFT_VERSION = 5.0;
				TARGETED_DEVICE_FAMILY = "1,2";
			};
			name = Release;
		};
/* End XCBuildConfiguration section */

/* Begin XCConfigurationList section */
		BE1B0C6F292F6FF300669F1D /* Build configuration list for PBXProject "CookBook" */ = {
			isa = XCConfigurationList;
			buildConfigurations = (
				BE1B0C80292F6FF400669F1D /* Debug */,
				BE1B0C81292F6FF400669F1D /* Release */,
			);
			defaultConfigurationIsVisible = 0;
			defaultConfigurationName = Release;
		};
		BE1B0C82292F6FF400669F1D /* Build configuration list for PBXNativeTarget "CookBook" */ = {
			isa = XCConfigurationList;
			buildConfigurations = (
				BE1B0C83292F6FF400669F1D /* Debug */,
				BE1B0C84292F6FF400669F1D /* Release */,
			);
			defaultConfigurationIsVisible = 0;
			defaultConfigurationName = Release;
		};
/* End XCConfigurationList section */

/* Begin XCRemoteSwiftPackageReference section */
		BE9BAAA72AA7A56A0003E24D /* XCRemoteSwiftPackageReference "SDWebImageSwiftUI" */ = {
			isa = XCRemoteSwiftPackageReference;
			repositoryURL = "https://github.com/SDWebImage/SDWebImageSwiftUI";
			requirement = {
				branch = master;
				kind = branch;
			};
		};
/* End XCRemoteSwiftPackageReference section */

/* Begin XCSwiftPackageProductDependency section */
		BE9BAAA82AA7A56A0003E24D /* SDWebImageSwiftUI */ = {
			isa = XCSwiftPackageProductDependency;
			package = BE9BAAA72AA7A56A0003E24D /* XCRemoteSwiftPackageReference "SDWebImageSwiftUI" */;
			productName = SDWebImageSwiftUI;
		};
/* End XCSwiftPackageProductDependency section */

/* Begin XCVersionGroup section */
		BE8313482AA71A0E004832B3 /* CookBookCoreData.xcdatamodeld */ = {
			isa = XCVersionGroup;
			children = (
				BE8313492AA71A0E004832B3 /* CookBookCoreData.xcdatamodel */,
			);
			currentVersion = BE8313492AA71A0E004832B3 /* CookBookCoreData.xcdatamodel */;
			path = CookBookCoreData.xcdatamodeld;
			sourceTree = "<group>";
			versionGroupType = wrapper.xcdatamodel;
		};
/* End XCVersionGroup section */
	};
	rootObject = BE1B0C6C292F6FF300669F1D /* Project object */;
}
